<?xml version="1.0" encoding="UTF-8"?>
<Scheme
   LastUpgradeVersion = "2620"
   version = "1.7">
   <BuildAction
      parallelizeBuildables = "YES"
      buildImplicitDependencies = "YES"
      buildArchitectures = "Automatic">
      <BuildActionEntries>
         <BuildActionEntry
            buildForTesting = "YES"
            buildForRunning = "YES"
            buildForProfiling = "YES"
            buildForArchiving = "YES"
            buildForAnalyzing = "YES">
            <BuildableReference
               BuildableIdentifier = "primary"
               BlueprintIdentifier = "FD4E86B92F2E8A50006B6E10"
               BuildableName = "Gov-Contract-Finder.app"
               BlueprintName = "Gov-Contract-Finder"
               ReferencedContainer = "container:Gov-Contract-Finder.xcodeproj">
            </BuildableReference>
         </BuildActionEntry>
      </BuildActionEntries>
   </BuildAction>
   <TestAction
      buildConfiguration = "Debug"
      selectedDebuggerIdentifier = "Xcode.DebuggerFoundation.Debugger.LLDB"
      selectedLauncherIdentifier = "Xcode.DebuggerFoundation.Launcher.LLDB"
      shouldUseLaunchSchemeArgsEnv = "YES"
      shouldAutocreateTestPlan = "YES">
      <Testables>
         <TestableReference
            skipped = "NO"
            parallelizable = "YES">
            <BuildableReference
               BuildableIdentifier = "primary"
               BlueprintIdentifier = "FD4E86CB2F2E8A52006B6E10"
               BuildableName = "Gov-Contract-FinderTests.xctest"
               BlueprintName = "Gov-Contract-FinderTests"
               ReferencedContainer = "container:Gov-Contract-Finder.xcodeproj">
            </BuildableReference>
         </TestableReference>
         <TestableReference
            skipped = "NO"
            parallelizable = "YES">
            <BuildableReference
               BuildableIdentifier = "primary"
               BlueprintIdentifier = "FD4E86D52F2E8A52006B6E10"
               BuildableName = "Gov-Contract-FinderUITests.xctest"
               BlueprintName = "Gov-Contract-FinderUITests"
               ReferencedContainer = "container:Gov-Contract-Finder.xcodeproj">
            </BuildableReference>
         </TestableReference>
      </Testables>
   </TestAction>
   <LaunchAction
      buildConfiguration = "Debug"
      selectedDebuggerIdentifier = "Xcode.DebuggerFoundation.Debugger.LLDB"
      selectedLauncherIdentifier = "Xcode.DebuggerFoundation.Launcher.LLDB"
      launchStyle = "0"
      useCustomWorkingDirectory = "NO"
      ignoresPersistentStateOnLaunch = "NO"
      debugDocumentVersioning = "YES"
      debugServiceExtension = "internal"
      allowLocationSimulation = "YES">
      <BuildableProductRunnable
         runnableDebuggingMode = "0">
         <BuildableReference
            BuildableIdentifier = "primary"
            BlueprintIdentifier = "FD4E86B92F2E8A50006B6E10"
            BuildableName = "Gov-Contract-Finder.app"
            BlueprintName = "Gov-Contract-Finder"
            ReferencedContainer = "container:Gov-Contract-Finder.xcodeproj">
         </BuildableReference>
      </BuildableProductRunnable>
   </LaunchAction>
   <ProfileAction
      buildConfiguration = "Release"
      shouldUseLaunchSchemeArgsEnv = "YES"
      savedToolIdentifier = ""
      useCustomWorkingDirectory = "NO"
      debugDocumentVersioning = "YES">
      <BuildableProductRunnable
         runnableDebuggingMode = "0">
         <BuildableReference
            BuildableIdentifier = "primary"
            BlueprintIdentifier = "FD4E86B92F2E8A50006B6E10"
            BuildableName = "Gov-Contract-Finder.app"
            BlueprintName = "Gov-Contract-Finder"
            ReferencedContainer = "container:Gov-Contract-Finder.xcodeproj">
         </BuildableReference>
      </BuildableProductRunnable>
   </ProfileAction>
   <AnalyzeAction
      buildConfiguration = "Debug">
   </AnalyzeAction>
   <ArchiveAction
      buildConfiguration = "Release"
      revealArchiveInOrganizer = "YES">
      <PreActions>
         <ExecutionAction
            ActionType = "Xcode.IDEStandardExecutionActionsCore.ExecutionActionType.ShellScriptAction">
            <ActionContent
               title = "Stamp Timestamp Build Number"
               scriptText = "STAMP=$(date +%Y.%m%d.%H%M%S); PBXPROJ=&quot;$PROJECT_FILE_PATH/project.pbxproj&quot;; if [ ! -f &quot;$PBXPROJ&quot; ]; then echo &quot;error: [BuildNumber] project.pbxproj not found at $PBXPROJ&quot;; exit 1; fi; /usr/bin/sed -i &apos;&apos; -E &quot;s/CURRENT_PROJECT_VERSION = [^;]+;/CURRENT_PROJECT_VERSION = $STAMP;/g&quot; &quot;$PBXPROJ&quot;; echo &quot;[BuildNumber] CURRENT_PROJECT_VERSION=$STAMP&quot;&#10;">
               <EnvironmentBuildable>
                  <BuildableReference
                     BuildableIdentifier = "primary"
                     BlueprintIdentifier = "FD4E86B92F2E8A50006B6E10"
                     BuildableName = "Gov-Contract-Finder.app"
                     BlueprintName = "Gov-Contract-Finder"
                     ReferencedContainer = "container:Gov-Contract-Finder.xcodeproj">
                  </BuildableReference>
               </EnvironmentBuildable>
            </ActionContent>
         </ExecutionAction>
      </PreActions>
   </ArchiveAction>
</Scheme>
